Microsoft Visual Studio Solution File, Format Version 12.00
# Visual Studio Version 17
VisualStudioVersion = 17.13.35919.96
MinimumVisualStudioVersion = 10.0.40219.1
Project("{C9674DCB-5085-4A16-B785-4C70DD1589BD}") = "V2_ETL", "V2_ETL.dtproj", "{4BC9285F-F6F8-CD6F-DEC3-F27D1B6F0D30}"
EndProject
Global
	GlobalSection(SolutionConfigurationPlatforms) = preSolution
		Development|Default = Development|Default
	EndGlobalSection
	GlobalSection(ProjectConfigurationPlatforms) = postSolution
		{4BC9285F-F6F8-CD6F-DEC3-F27D1B6F0D30}.Development|Default.ActiveCfg = Development
		{4BC9285F-F6F8-CD6F-DEC3-F27D1B6F0D30}.Development|Default.Build.0 = Development
	EndGlobalSection
	GlobalSection(SolutionProperties) = preSolution
		HideSolutionNode = FALSE
	EndGlobalSection
	GlobalSection(ExtensibilityGlobals) = postSolution
		SolutionGuid = {7D99CB3E-6818-49AA-B3E7-2558D26D8396}
	EndGlobalSection
EndGlobal
